
Microsoft Visual Studio Solution File, Format Version 12.00
# Visual Studio Version 16
VisualStudioVersion = 16.0.29009.5
MinimumVisualStudioVersion = 10.0.40219.1
Project("{FAE04EC0-301F-11D3-BF4B-00C04F79EFBC}") = "StreamPublisher", "StreamPublisher\StreamPublisher.csproj", "{207AD49A-4975-4771-9BFC-92BF3EC6A0F2}"
EndProject
Project("{FAE04EC0-301F-11D3-BF4B-00C04F79EFBC}") = "StreamReceiver", "StreamReceiver\StreamReceiver.csproj", "{AD4D07A8-0654-4B54-AECC-17F31F679973}"
EndProject
Project("{FAE04EC0-301F-11D3-BF4B-00C04F79EFBC}") = "Core", "Core\Core.csproj", "{16938EE9-66D9-4654-B0E6-3D1DE6D7B184}"
EndProject
Global
	GlobalSection(SolutionConfigurationPlatforms) = preSolution
		Debug|Any CPU = Debug|Any CPU
		Release|Any CPU = Release|Any CPU
	EndGlobalSection
	GlobalSection(ProjectConfigurationPlatforms) = postSolution
		{207AD49A-4975-4771-9BFC-92BF3EC6A0F2}.Debug|Any CPU.ActiveCfg = Debug|Any CPU
		{207AD49A-4975-4771-9BFC-92BF3EC6A0F2}.Debug|Any CPU.Build.0 = Debug|Any CPU
		{207AD49A-4975-4771-9BFC-92BF3EC6A0F2}.Release|Any CPU.ActiveCfg = Release|Any CPU
		{207AD49A-4975-4771-9BFC-92BF3EC6A0F2}.Release|Any CPU.Build.0 = Release|Any CPU
		{AD4D07A8-0654-4B54-AECC-17F31F679973}.Debug|Any CPU.ActiveCfg = Debug|Any CPU
		{AD4D07A8-0654-4B54-AECC-17F31F679973}.Debug|Any CPU.Build.0 = Debug|Any CPU
		{AD4D07A8-0654-4B54-AECC-17F31F679973}.Release|Any CPU.ActiveCfg = Release|Any CPU
		{AD4D07A8-0654-4B54-AECC-17F31F679973}.Release|Any CPU.Build.0 = Release|Any CPU
		{16938EE9-66D9-4654-B0E6-3D1DE6D7B184}.Debug|Any CPU.ActiveCfg = Debug|Any CPU
		{16938EE9-66D9-4654-B0E6-3D1DE6D7B184}.Debug|Any CPU.Build.0 = Debug|Any CPU
		{16938EE9-66D9-4654-B0E6-3D1DE6D7B184}.Release|Any CPU.ActiveCfg = Release|Any CPU
		{16938EE9-66D9-4654-B0E6-3D1DE6D7B184}.Release|Any CPU.Build.0 = Release|Any CPU
	EndGlobalSection
	GlobalSection(SolutionProperties) = preSolution
		HideSolutionNode = FALSE
	EndGlobalSection
	GlobalSection(ExtensibilityGlobals) = postSolution
		SolutionGuid = {3FE9F0A6-5D63-4ADC-AB80-AB81829CED2D}
	EndGlobalSection
EndGlobal
